
Microsoft Visual Studio Solution File, Format Version 12.00
# Visual Studio 15
VisualStudioVersion = 15.0.28010.2036
MinimumVisualStudioVersion = 10.0.40219.1
Project("{FAE04EC0-301F-11D3-BF4B-00C04F79EFBC}") = "ASPNETFINAL", "ASPNETFINAL\ASPNETFINAL.csproj", "{37D90FBB-210C-4A3B-A867-88DE64AB7844}"
EndProject
Global
	GlobalSection(SolutionConfigurationPlatforms) = preSolution
		Debug|Any CPU = Debug|Any CPU
		Release|Any CPU = Release|Any CPU
	EndGlobalSection
	GlobalSection(ProjectConfigurationPlatforms) = postSolution
		{37D90FBB-210C-4A3B-A867-88DE64AB7844}.Debug|Any CPU.ActiveCfg = Debug|Any CPU
		{37D90FBB-210C-4A3B-A867-88DE64AB7844}.Debug|Any CPU.Build.0 = Debug|Any CPU
		{37D90FBB-210C-4A3B-A867-88DE64AB7844}.Release|Any CPU.ActiveCfg = Release|Any CPU
		{37D90FBB-210C-4A3B-A867-88DE64AB7844}.Release|Any CPU.Build.0 = Release|Any CPU
	EndGlobalSection
	GlobalSection(SolutionProperties) = preSolution
		HideSolutionNode = FALSE
	EndGlobalSection
	GlobalSection(ExtensibilityGlobals) = postSolution
		SolutionGuid = {45EB1FE9-5C7F-4E8D-BECD-468BADE09F20}
	EndGlobalSection
EndGlobal
